
Microsoft Visual Studio Solution File, Format Version 12.00
# Visual Studio Version 16
VisualStudioVersion = 16.0.31129.286
MinimumVisualStudioVersion = 10.0.40219.1
Project("{FAE04EC0-301F-11D3-BF4B-00C04F79EFBC}") = "WindowsFormsApp2", "WindowsFormsApp2.csproj", "{6C2F23BA-C96F-4509-9BAC-1986BF08C346}"
EndProject
Global
	GlobalSection(SolutionConfigurationPlatforms) = preSolution
		Debug|Any CPU = Debug|Any CPU
		Release|Any CPU = Release|Any CPU
	EndGlobalSection
	GlobalSection(ProjectConfigurationPlatforms) = postSolution
		{6C2F23BA-C96F-4509-9BAC-1986BF08C346}.Debug|Any CPU.ActiveCfg = Debug|Any CPU
		{6C2F23BA-C96F-4509-9BAC-1986BF08C346}.Debug|Any CPU.Build.0 = Debug|Any CPU
		{6C2F23BA-C96F-4509-9BAC-1986BF08C346}.Release|Any CPU.ActiveCfg = Release|Any CPU
		{6C2F23BA-C96F-4509-9BAC-1986BF08C346}.Release|Any CPU.Build.0 = Release|Any CPU
	EndGlobalSection
	GlobalSection(SolutionProperties) = preSolution
		HideSolutionNode = FALSE
	EndGlobalSection
	GlobalSection(ExtensibilityGlobals) = postSolution
		SolutionGuid = {1E65A0EE-3229-40C4-9323-E70F50D5ADF8}
	EndGlobalSection
EndGlobal
